
Microsoft Visual Studio Solution File, Format Version 12.00
# Visual Studio Version 17
VisualStudioVersion = 17.0.32014.148
MinimumVisualStudioVersion = 10.0.40219.1
Project("{2150E333-8FDC-42A3-9474-1A3956D46DE8}") = "src", "src", "{27CE91DC-5207-4A5E-8B5F-02F569A2C6FF}"
EndProject
Project("{2150E333-8FDC-42A3-9474-1A3956D46DE8}") = "Api", "Api", "{B7EEA2FF-5205-4A73-8F5B-117ED9D55ED5}"
EndProject
Project("{2150E333-8FDC-42A3-9474-1A3956D46DE8}") = "Clients", "Clients", "{8269548F-494B-4A13-A11C-0F0A4D22A75B}"
EndProject
Project("{2150E333-8FDC-42A3-9474-1A3956D46DE8}") = "Common", "Common", "{F1C1211C-8D4B-44EA-B9BB-81E083D6C3FD}"
EndProject
Project("{2150E333-8FDC-42A3-9474-1A3956D46DE8}") = "Projections", "Projections", "{9356FB4E-C70F-440E-902E-BCB51553B95F}"
EndProject
Project("{2150E333-8FDC-42A3-9474-1A3956D46DE8}") = "Core", "Core", "{49397BB2-D774-420A-B0E6-612645FF4719}"
EndProject
Project("{2150E333-8FDC-42A3-9474-1A3956D46DE8}") = "Infrastructure", "Infrastructure", "{D1454D07-C11E-45F4-B847-A32E6C30F188}"
EndProject
Project("{2150E333-8FDC-42A3-9474-1A3956D46DE8}") = "WebApi", "WebApi", "{76AE2816-CA08-493A-913A-66BBAD46B43C}"
EndProject
Project("{2150E333-8FDC-42A3-9474-1A3956D46DE8}") = "BlazorWeb", "BlazorWeb", "{E499A1F0-0D7D-425D-85CC-079652105DC7}"
EndProject
Project("{FAE04EC0-301F-11D3-BF4B-00C04F79EFBC}") = "Sozluk.Common", "src\Common\Sozluk.Common\Sozluk.Common.csproj", "{C67F279A-C7B9-4CCD-B658-F069B331D41D}"
EndProject
Project("{FAE04EC0-301F-11D3-BF4B-00C04F79EFBC}") = "Sozluk.Api.Domain", "src\Api\Core\Sozluk.Api.Domain\Sozluk.Api.Domain.csproj", "{9D23DB80-3450-4AC3-A98C-C26602B3E0A3}"
EndProject
Project("{FAE04EC0-301F-11D3-BF4B-00C04F79EFBC}") = "Sozluk.Application", "src\Api\Core\Sozluk.Application\Sozluk.Application.csproj", "{1D7C692C-02D8-4B5F-B3EF-C529CE41D505}"
EndProject
Project("{FAE04EC0-301F-11D3-BF4B-00C04F79EFBC}") = "Sozluk.Infrastructure.Persistence", "src\Api\Infrastructure\Sozluk.Infrastructure.Persistence\Sozluk.Infrastructure.Persistence.csproj", "{1E8F5CA0-AB1D-4281-9DAA-C2C31ECD7501}"
EndProject
Project("{FAE04EC0-301F-11D3-BF4B-00C04F79EFBC}") = "Sozluk.Api.WebApi", "src\Api\WebApi\Sozluk.Api.WebApi\Sozluk.Api.WebApi.csproj", "{B7D7092E-FAAB-4E7B-B01C-6CBDF0534F06}"
EndProject
Project("{FAE04EC0-301F-11D3-BF4B-00C04F79EFBC}") = "Sozluk.Projections.FavoriteWorkerService", "src\Projections\Sozluk.Projections.FavoriteWorkerService\Sozluk.Projections.FavoriteWorkerService.csproj", "{AA0E878F-1927-44F9-95CD-CC339FDC633F}"
EndProject
Project("{FAE04EC0-301F-11D3-BF4B-00C04F79EFBC}") = "Sozluk.Projections.UserService", "src\Projections\Sozluk.Projections.User\Sozluk.Projections.UserService.csproj", "{B170AE75-5019-4578-92CC-FA8C6BDABDAB}"
EndProject
Project("{FAE04EC0-301F-11D3-BF4B-00C04F79EFBC}") = "Sozluk.Projections.VoteService", "src\Projections\Sozluk.Projections.VoteService\Sozluk.Projections.VoteService.csproj", "{2CDA7B41-6262-454A-8AB2-CBA0F1D4A9D4}"
EndProject
Project("{FAE04EC0-301F-11D3-BF4B-00C04F79EFBC}") = "Sozluk.WebApp", "src\Clients\BlazorWeb\Sozluk.WebApp\Sozluk.WebApp.csproj", "{78294E8C-5B4B-4B08-8786-F2143637D65F}"
EndProject
Global
	GlobalSection(SolutionConfigurationPlatforms) = preSolution
		Debug|Any CPU = Debug|Any CPU
		Release|Any CPU = Release|Any CPU
	EndGlobalSection
	GlobalSection(ProjectConfigurationPlatforms) = postSolution
		{C67F279A-C7B9-4CCD-B658-F069B331D41D}.Debug|Any CPU.ActiveCfg = Debug|Any CPU
		{C67F279A-C7B9-4CCD-B658-F069B331D41D}.Debug|Any CPU.Build.0 = Debug|Any CPU
		{C67F279A-C7B9-4CCD-B658-F069B331D41D}.Release|Any CPU.ActiveCfg = Release|Any CPU
		{C67F279A-C7B9-4CCD-B658-F069B331D41D}.Release|Any CPU.Build.0 = Release|Any CPU
		{9D23DB80-3450-4AC3-A98C-C26602B3E0A3}.Debug|Any CPU.ActiveCfg = Debug|Any CPU
		{9D23DB80-3450-4AC3-A98C-C26602B3E0A3}.Debug|Any CPU.Build.0 = Debug|Any CPU
		{9D23DB80-3450-4AC3-A98C-C26602B3E0A3}.Release|Any CPU.ActiveCfg = Release|Any CPU
		{9D23DB80-3450-4AC3-A98C-C26602B3E0A3}.Release|Any CPU.Build.0 = Release|Any CPU
		{1D7C692C-02D8-4B5F-B3EF-C529CE41D505}.Debug|Any CPU.ActiveCfg = Debug|Any CPU
		{1D7C692C-02D8-4B5F-B3EF-C529CE41D505}.Debug|Any CPU.Build.0 = Debug|Any CPU
		{1D7C692C-02D8-4B5F-B3EF-C529CE41D505}.Release|Any CPU.ActiveCfg = Release|Any CPU
		{1D7C692C-02D8-4B5F-B3EF-C529CE41D505}.Release|Any CPU.Build.0 = Release|Any CPU
		{1E8F5CA0-AB1D-4281-9DAA-C2C31ECD7501}.Debug|Any CPU.ActiveCfg = Debug|Any CPU
		{1E8F5CA0-AB1D-4281-9DAA-C2C31ECD7501}.Debug|Any CPU.Build.0 = Debug|Any CPU
		{1E8F5CA0-AB1D-4281-9DAA-C2C31ECD7501}.Release|Any CPU.ActiveCfg = Release|Any CPU
		{1E8F5CA0-AB1D-4281-9DAA-C2C31ECD7501}.Release|Any CPU.Build.0 = Release|Any CPU
		{B7D7092E-FAAB-4E7B-B01C-6CBDF0534F06}.Debug|Any CPU.ActiveCfg = Debug|Any CPU
		{B7D7092E-FAAB-4E7B-B01C-6CBDF0534F06}.Debug|Any CPU.Build.0 = Debug|Any CPU
		{B7D7092E-FAAB-4E7B-B01C-6CBDF0534F06}.Release|Any CPU.ActiveCfg = Release|Any CPU
		{B7D7092E-FAAB-4E7B-B01C-6CBDF0534F06}.Release|Any CPU.Build.0 = Release|Any CPU
		{AA0E878F-1927-44F9-95CD-CC339FDC633F}.Debug|Any CPU.ActiveCfg = Debug|Any CPU
		{AA0E878F-1927-44F9-95CD-CC339FDC633F}.Debug|Any CPU.Build.0 = Debug|Any CPU
		{AA0E878F-1927-44F9-95CD-CC339FDC633F}.Release|Any CPU.ActiveCfg = Release|Any CPU
		{AA0E878F-1927-44F9-95CD-CC339FDC633F}.Release|Any CPU.Build.0 = Release|Any CPU
		{B170AE75-5019-4578-92CC-FA8C6BDABDAB}.Debug|Any CPU.ActiveCfg = Debug|Any CPU
		{B170AE75-5019-4578-92CC-FA8C6BDABDAB}.Debug|Any CPU.Build.0 = Debug|Any CPU
		{B170AE75-5019-4578-92CC-FA8C6BDABDAB}.Release|Any CPU.ActiveCfg = Release|Any CPU
		{B170AE75-5019-4578-92CC-FA8C6BDABDAB}.Release|Any CPU.Build.0 = Release|Any CPU
		{2CDA7B41-6262-454A-8AB2-CBA0F1D4A9D4}.Debug|Any CPU.ActiveCfg = Debug|Any CPU
		{2CDA7B41-6262-454A-8AB2-CBA0F1D4A9D4}.Debug|Any CPU.Build.0 = Debug|Any CPU
		{2CDA7B41-6262-454A-8AB2-CBA0F1D4A9D4}.Release|Any CPU.ActiveCfg = Release|Any CPU
		{2CDA7B41-6262-454A-8AB2-CBA0F1D4A9D4}.Release|Any CPU.Build.0 = Release|Any CPU
		{78294E8C-5B4B-4B08-8786-F2143637D65F}.Debug|Any CPU.ActiveCfg = Debug|Any CPU
		{78294E8C-5B4B-4B08-8786-F2143637D65F}.Debug|Any CPU.Build.0 = Debug|Any CPU
		{78294E8C-5B4B-4B08-8786-F2143637D65F}.Release|Any CPU.ActiveCfg = Release|Any CPU
		{78294E8C-5B4B-4B08-8786-F2143637D65F}.Release|Any CPU.Build.0 = Release|Any CPU
	EndGlobalSection
	GlobalSection(SolutionProperties) = preSolution
		HideSolutionNode = FALSE
	EndGlobalSection
	GlobalSection(NestedProjects) = preSolution
		{B7EEA2FF-5205-4A73-8F5B-117ED9D55ED5} = {27CE91DC-5207-4A5E-8B5F-02F569A2C6FF}
		{8269548F-494B-4A13-A11C-0F0A4D22A75B} = {27CE91DC-5207-4A5E-8B5F-02F569A2C6FF}
		{F1C1211C-8D4B-44EA-B9BB-81E083D6C3FD} = {27CE91DC-5207-4A5E-8B5F-02F569A2C6FF}
		{9356FB4E-C70F-440E-902E-BCB51553B95F} = {27CE91DC-5207-4A5E-8B5F-02F569A2C6FF}
		{49397BB2-D774-420A-B0E6-612645FF4719} = {B7EEA2FF-5205-4A73-8F5B-117ED9D55ED5}
		{D1454D07-C11E-45F4-B847-A32E6C30F188} = {B7EEA2FF-5205-4A73-8F5B-117ED9D55ED5}
		{76AE2816-CA08-493A-913A-66BBAD46B43C} = {B7EEA2FF-5205-4A73-8F5B-117ED9D55ED5}
		{E499A1F0-0D7D-425D-85CC-079652105DC7} = {8269548F-494B-4A13-A11C-0F0A4D22A75B}
		{C67F279A-C7B9-4CCD-B658-F069B331D41D} = {F1C1211C-8D4B-44EA-B9BB-81E083D6C3FD}
		{9D23DB80-3450-4AC3-A98C-C26602B3E0A3} = {49397BB2-D774-420A-B0E6-612645FF4719}
		{1D7C692C-02D8-4B5F-B3EF-C529CE41D505} = {49397BB2-D774-420A-B0E6-612645FF4719}
		{1E8F5CA0-AB1D-4281-9DAA-C2C31ECD7501} = {D1454D07-C11E-45F4-B847-A32E6C30F188}
		{B7D7092E-FAAB-4E7B-B01C-6CBDF0534F06} = {76AE2816-CA08-493A-913A-66BBAD46B43C}
		{AA0E878F-1927-44F9-95CD-CC339FDC633F} = {9356FB4E-C70F-440E-902E-BCB51553B95F}
		{B170AE75-5019-4578-92CC-FA8C6BDABDAB} = {9356FB4E-C70F-440E-902E-BCB51553B95F}
		{2CDA7B41-6262-454A-8AB2-CBA0F1D4A9D4} = {9356FB4E-C70F-440E-902E-BCB51553B95F}
		{78294E8C-5B4B-4B08-8786-F2143637D65F} = {E499A1F0-0D7D-425D-85CC-079652105DC7}
	EndGlobalSection
	GlobalSection(ExtensibilityGlobals) = postSolution
		SolutionGuid = {CFC814B5-A23C-4653-A9C9-F447DD36A321}
	EndGlobalSection
EndGlobal
